
Microsoft Visual Studio Solution File, Format Version 12.00
# Visual Studio 15
VisualStudioVersion = 15.0.28307.438
MinimumVisualStudioVersion = 10.0.40219.1
Project("{FAE04EC0-301F-11D3-BF4B-00C04F79EFBC}") = "BlogDemo.Api", "BlogDemo.Api\BlogDemo.Api.csproj", "{C89F7C0A-3CD6-454D-85B7-D18C491748B3}"
EndProject
Project("{FAE04EC0-301F-11D3-BF4B-00C04F79EFBC}") = "BlogDemo.Core", "BlogDemo.Core\BlogDemo.Core.csproj", "{501F40A1-1F2D-4C69-8356-947E148C9A7B}"
EndProject
Project("{FAE04EC0-301F-11D3-BF4B-00C04F79EFBC}") = "BlogDemo.Infrastructure", "BlogDemo.Infrastructure\BlogDemo.Infrastructure.csproj", "{DB03E3CC-B7F7-4874-A501-7B79CCBC0F94}"
EndProject
Global
	GlobalSection(SolutionConfigurationPlatforms) = preSolution
		Debug|Any CPU = Debug|Any CPU
		Release|Any CPU = Release|Any CPU
	EndGlobalSection
	GlobalSection(ProjectConfigurationPlatforms) = postSolution
		{C89F7C0A-3CD6-454D-85B7-D18C491748B3}.Debug|Any CPU.ActiveCfg = Debug|Any CPU
		{C89F7C0A-3CD6-454D-85B7-D18C491748B3}.Debug|Any CPU.Build.0 = Debug|Any CPU
		{C89F7C0A-3CD6-454D-85B7-D18C491748B3}.Release|Any CPU.ActiveCfg = Release|Any CPU
		{C89F7C0A-3CD6-454D-85B7-D18C491748B3}.Release|Any CPU.Build.0 = Release|Any CPU
		{501F40A1-1F2D-4C69-8356-947E148C9A7B}.Debug|Any CPU.ActiveCfg = Debug|Any CPU
		{501F40A1-1F2D-4C69-8356-947E148C9A7B}.Debug|Any CPU.Build.0 = Debug|Any CPU
		{501F40A1-1F2D-4C69-8356-947E148C9A7B}.Release|Any CPU.ActiveCfg = Release|Any CPU
		{501F40A1-1F2D-4C69-8356-947E148C9A7B}.Release|Any CPU.Build.0 = Release|Any CPU
		{DB03E3CC-B7F7-4874-A501-7B79CCBC0F94}.Debug|Any CPU.ActiveCfg = Debug|Any CPU
		{DB03E3CC-B7F7-4874-A501-7B79CCBC0F94}.Debug|Any CPU.Build.0 = Debug|Any CPU
		{DB03E3CC-B7F7-4874-A501-7B79CCBC0F94}.Release|Any CPU.ActiveCfg = Release|Any CPU
		{DB03E3CC-B7F7-4874-A501-7B79CCBC0F94}.Release|Any CPU.Build.0 = Release|Any CPU
	EndGlobalSection
	GlobalSection(SolutionProperties) = preSolution
		HideSolutionNode = FALSE
	EndGlobalSection
	GlobalSection(ExtensibilityGlobals) = postSolution
		SolutionGuid = {7540F275-625E-462F-954F-EDCA5AF5C7E1}
	EndGlobalSection
EndGlobal
